
Microsoft Visual Studio Solution File, Format Version 12.00
# Visual Studio Version 17
VisualStudioVersion = 17.0.31903.59
MinimumVisualStudioVersion = 10.0.40219.1
Project("{FAE04EC0-301F-11D3-BF4B-00C04F79EFBC}") = "eCommerce", "eCommerce\eCommerce.csproj", "{FB844CD1-3C7B-4C3F-9487-21477158637D}"
EndProject
Global
	GlobalSection(SolutionConfigurationPlatforms) = preSolution
		Debug|Any CPU = Debug|Any CPU
		Release|Any CPU = Release|Any CPU
	EndGlobalSection
	GlobalSection(SolutionProperties) = preSolution
		HideSolutionNode = FALSE
	EndGlobalSection
	GlobalSection(ProjectConfigurationPlatforms) = postSolution
		{FB844CD1-3C7B-4C3F-9487-21477158637D}.Debug|Any CPU.ActiveCfg = Debug|Any CPU
		{FB844CD1-3C7B-4C3F-9487-21477158637D}.Debug|Any CPU.Build.0 = Debug|Any CPU
		{FB844CD1-3C7B-4C3F-9487-21477158637D}.Release|Any CPU.ActiveCfg = Release|Any CPU
		{FB844CD1-3C7B-4C3F-9487-21477158637D}.Release|Any CPU.Build.0 = Release|Any CPU
	EndGlobalSection
EndGlobal
